
Microsoft Visual Studio Solution File, Format Version 12.00
# Visual Studio Version 17
VisualStudioVersion = 17.0.31903.59
MinimumVisualStudioVersion = 10.0.40219.1
Project("{FAE04EC0-301F-11D3-BF4B-00C04F79EFBC}") = "OrderBooking.Api", "OrderBooking.Api\OrderBooking.Api.csproj", "{C7D5B0A5-823C-4D9F-BF10-0A619079F893}"
EndProject
Project("{FAE04EC0-301F-11D3-BF4B-00C04F79EFBC}") = "OrderBooking", "OrderBooking\OrderBooking.csproj", "{19BC1D5D-DEFF-4BB7-AF4A-FE73151F62B4}"
EndProject
Project("{FAE04EC0-301F-11D3-BF4B-00C04F79EFBC}") = "EventStorage", "..\..\AsyncHandler\EventStorage\src\EventStorage.csproj", "{6440131E-C996-401F-8551-E3468D84A8C0}"
EndProject
Global
	GlobalSection(SolutionConfigurationPlatforms) = preSolution
		Debug|Any CPU = Debug|Any CPU
		Release|Any CPU = Release|Any CPU
	EndGlobalSection
	GlobalSection(SolutionProperties) = preSolution
		HideSolutionNode = FALSE
	EndGlobalSection
	GlobalSection(ProjectConfigurationPlatforms) = postSolution
		{C7D5B0A5-823C-4D9F-BF10-0A619079F893}.Debug|Any CPU.ActiveCfg = Debug|Any CPU
		{C7D5B0A5-823C-4D9F-BF10-0A619079F893}.Debug|Any CPU.Build.0 = Debug|Any CPU
		{C7D5B0A5-823C-4D9F-BF10-0A619079F893}.Release|Any CPU.ActiveCfg = Release|Any CPU
		{C7D5B0A5-823C-4D9F-BF10-0A619079F893}.Release|Any CPU.Build.0 = Release|Any CPU
		{19BC1D5D-DEFF-4BB7-AF4A-FE73151F62B4}.Debug|Any CPU.ActiveCfg = Debug|Any CPU
		{19BC1D5D-DEFF-4BB7-AF4A-FE73151F62B4}.Debug|Any CPU.Build.0 = Debug|Any CPU
		{19BC1D5D-DEFF-4BB7-AF4A-FE73151F62B4}.Release|Any CPU.ActiveCfg = Release|Any CPU
		{19BC1D5D-DEFF-4BB7-AF4A-FE73151F62B4}.Release|Any CPU.Build.0 = Release|Any CPU
		{6440131E-C996-401F-8551-E3468D84A8C0}.Debug|Any CPU.ActiveCfg = Debug|Any CPU
		{6440131E-C996-401F-8551-E3468D84A8C0}.Debug|Any CPU.Build.0 = Debug|Any CPU
		{6440131E-C996-401F-8551-E3468D84A8C0}.Release|Any CPU.ActiveCfg = Release|Any CPU
		{6440131E-C996-401F-8551-E3468D84A8C0}.Release|Any CPU.Build.0 = Release|Any CPU
	EndGlobalSection
EndGlobal
